
Microsoft Visual Studio Solution File, Format Version 12.00
# Visual Studio Version 17
VisualStudioVersion = 17.14.36221.1 d17.14
MinimumVisualStudioVersion = 10.0.40219.1
Project("{FAE04EC0-301F-11D3-BF4B-00C04F79EFBC}") = "JwtAuthApi", "JwtAuthApi\JwtAuthApi.csproj", "{426FC2C7-513C-4293-853D-A504E80FF065}"
EndProject
Global
	GlobalSection(SolutionConfigurationPlatforms) = preSolution
		Debug|Any CPU = Debug|Any CPU
		Release|Any CPU = Release|Any CPU
	EndGlobalSection
	GlobalSection(ProjectConfigurationPlatforms) = postSolution
		{426FC2C7-513C-4293-853D-A504E80FF065}.Debug|Any CPU.ActiveCfg = Debug|Any CPU
		{426FC2C7-513C-4293-853D-A504E80FF065}.Debug|Any CPU.Build.0 = Debug|Any CPU
		{426FC2C7-513C-4293-853D-A504E80FF065}.Release|Any CPU.ActiveCfg = Release|Any CPU
		{426FC2C7-513C-4293-853D-A504E80FF065}.Release|Any CPU.Build.0 = Release|Any CPU
	EndGlobalSection
	GlobalSection(SolutionProperties) = preSolution
		HideSolutionNode = FALSE
	EndGlobalSection
	GlobalSection(ExtensibilityGlobals) = postSolution
		SolutionGuid = {ACCD3D0E-96EA-41C3-A6FA-1273104BEB86}
	EndGlobalSection
EndGlobal
